// !$*UTF8*$!
{
	archiveVersion = 1;
	classes = {
	};
	objectVersion = 46;
	objects = {

/* Begin PBXBuildFile section */
		616FE5A51B33422D007770F9 /* AppDelegate.swift in Sources */ = {isa = PBXBuildFile; fileRef = 616FE5A41B33422D007770F9 /* AppDelegate.swift */; };
		616FE5A71B33422D007770F9 /* ViewController.swift in Sources */ = {isa = PBXBuildFile; fileRef = 616FE5A61B33422D007770F9 /* ViewController.swift */; };
		616FE5AA1B33422D007770F9 /* Main.storyboard in Resources */ = {isa = PBXBuildFile; fileRef = 616FE5A81B33422D007770F9 /* Main.storyboard */; };
		616FE5AC1B33422D007770F9 /* Images.xcassets in Resources */ = {isa = PBXBuildFile; fileRef = 616FE5AB1B33422D007770F9 /* Images.xcassets */; };
		616FE5AF1B33422D007770F9 /* LaunchScreen.xib in Resources */ = {isa = PBXBuildFile; fileRef = 616FE5AD1B33422D007770F9 /* LaunchScreen.xib */; };
		616FE5BB1B33422D007770F9 /* tablasProfaRosaTests.swift in Sources */ = {isa = PBXBuildFile; fileRef = 616FE5BA1B33422D007770F9 /* tablasProfaRosaTests.swift */; };
		616FE5C51B334444007770F9 /* FirstTableViewController.swift in Sources */ = {isa = PBXBuildFile; fileRef = 616FE5C41B334444007770F9 /* FirstTableViewController.swift */; };
		616FE5C71B33445D007770F9 /* SecondTableViewController.swift in Sources */ = {isa = PBXBuildFile; fileRef = 616FE5C61B33445D007770F9 /* SecondTableViewController.swift */; };
		616FE5C91B33459C007770F9 /* TableData.plist in Resources */ = {isa = PBXBuildFile; fileRef = 616FE5C81B33459C007770F9 /* TableData.plist */; };
		616FE5CB1B33465F007770F9 /* TableViewController.swift in Sources */ = {isa = PBXBuildFile; fileRef = 616FE5CA1B33465F007770F9 /* TableViewController.swift */; };
/* End PBXBuildFile section */

/* Begin PBXContainerItemProxy section */
		616FE5B51B33422D007770F9 /* PBXContainerItemProxy */ = {
			isa = PBXContainerItemProxy;
			containerPortal = 616FE5971B33422D007770F9 /* Project object */;
			proxyType = 1;
			remoteGlobalIDString = 616FE59E1B33422D007770F9;
			remoteInfo = tablasProfaRosa;
		};
/* End PBXContainerItemProxy section */

/* Begin PBXFileReference section */
		616FE59F1B33422D007770F9 /* tablasProfaRosa.app */ = {isa = PBXFileReference; explicitFileType = wrapper.application; includeInIndex = 0; path = tablasProfaRosa.app; sourceTree = BUILT_PRODUCTS_DIR; };
		616FE5A31B33422D007770F9 /* Info.plist */ = {isa = PBXFileReference; lastKnownFileType = text.plist.xml; path = Info.plist; sourceTree = "<group>"; };
		616FE5A41B33422D007770F9 /* AppDelegate.swift */ = {isa = PBXFileReference; lastKnownFileType = sourcecode.swift; path = AppDelegate.swift; sourceTree = "<group>"; };
		616FE5A61B33422D007770F9 /* ViewController.swift */ = {isa = PBXFileReference; lastKnownFileType = sourcecode.swift; path = ViewController.swift; sourceTree = "<group>"; };
		616FE5A91B33422D007770F9 /* Base */ = {isa = PBXFileReference; lastKnownFileType = file.storyboard; name = Base; path = Base.lproj/Main.storyboard; sourceTree = "<group>"; };
		616FE5AB1B33422D007770F9 /* Images.xcassets */ = {isa = PBXFileReference; lastKnownFileType = folder.assetcatalog; path = Images.xcassets; sourceTree = "<group>"; };
		616FE5AE1B33422D007770F9 /* Base */ = {isa = PBXFileReference; lastKnownFileType = file.xib; name = Base; path = Base.lproj/LaunchScreen.xib; sourceTree = "<group>"; };
		616FE5B41B33422D007770F9 /* tablasProfaRosaTests.xctest */ = {isa = PBXFileReference; explicitFileType = wrapper.cfbundle; includeInIndex = 0; path = tablasProfaRosaTests.xctest; sourceTree = BUILT_PRODUCTS_DIR; };
		616FE5B91B33422D007770F9 /* Info.plist */ = {isa = PBXFileReference; lastKnownFileType = text.plist.xml; path = Info.plist; sourceTree = "<group>"; };
		616FE5BA1B33422D007770F9 /* tablasProfaRosaTests.swift */ = {isa = PBXFileReference; lastKnownFileType = sourcecode.swift; path = tablasProfaRosaTests.swift; sourceTree = "<group>"; };
		616FE5C41B334444007770F9 /* FirstTableViewController.swift */ = {isa = PBXFileReference; fileEncoding = 4; lastKnownFileType = sourcecode.swift; path = FirstTableViewController.swift; sourceTree = "<group>"; };
		616FE5C61B33445D007770F9 /* SecondTableViewController.swift */ = {isa = PBXFileReference; fileEncoding = 4; lastKnownFileType = sourcecode.swift; path = SecondTableViewController.swift; sourceTree = "<group>"; };
		616FE5C81B33459C007770F9 /* TableData.plist */ = {isa = PBXFileReference; fileEncoding = 4; lastKnownFileType = text.plist.xml; path = TableData.plist; sourceTree = "<group>"; };
		616FE5CA1B33465F007770F9 /* TableViewController.swift */ = {isa = PBXFileReference; fileEncoding = 4; lastKnownFileType = sourcecode.swift; path = TableViewController.swift; sourceTree = "<group>"; };
/* End PBXFileReference section */

/* Begin PBXFrameworksBuildPhase section */
		616FE59C1B33422D007770F9 /* Frameworks */ = {
			isa = PBXFrameworksBuildPhase;
			buildActionMask = 2147483647;
			files = (
			);
			runOnlyForDeploymentPostprocessing = 0;
		};
		616FE5B11B33422D007770F9 /* Frameworks */ = {
			isa = PBXFrameworksBuildPhase;
			buildActionMask = 2147483647;
			files = (
			);
			runOnlyForDeploymentPostprocessing = 0;
		};
/* End PBXFrameworksBuildPhase section */

/* Begin PBXGroup section */
		616FE5961B33422D007770F9 = {
			isa = PBXGroup;
			children = (
				616FE5A11B33422D007770F9 /* tablasProfaRosa */,
				616FE5B71B33422D007770F9 /* tablasProfaRosaTests */,
				616FE5A01B33422D007770F9 /* Products */,
			);
			sourceTree = "<group>";
		};
		616FE5A01B33422D007770F9 /* Products */ = {
			isa = PBXGroup;
			children = (
				616FE59F1B33422D007770F9 /* tablasProfaRosa.app */,
				616FE5B41B33422D007770F9 /* tablasProfaRosaTests.xctest */,
			);
			name = Products;
			sourceTree = "<group>";
		};
		616FE5A11B33422D007770F9 /* tablasProfaRosa */ = {
			isa = PBXGroup;
			children = (
				616FE5A41B33422D007770F9 /* AppDelegate.swift */,
				616FE5A61B33422D007770F9 /* ViewController.swift */,
				616FE5A81B33422D007770F9 /* Main.storyboard */,
				616FE5AB1B33422D007770F9 /* Images.xcassets */,
				616FE5AD1B33422D007770F9 /* LaunchScreen.xib */,
				616FE5A21B33422D007770F9 /* Supporting Files */,
				616FE5C41B334444007770F9 /* FirstTableViewController.swift */,
				616FE5C61B33445D007770F9 /* SecondTableViewController.swift */,
				616FE5C81B33459C007770F9 /* TableData.plist */,
				616FE5CA1B33465F007770F9 /* TableViewController.swift */,
			);
			path = tablasProfaRosa;
			sourceTree = "<group>";
		};
		616FE5A21B33422D007770F9 /* Supporting Files */ = {
			isa = PBXGroup;
			children = (
				616FE5A31B33422D007770F9 /* Info.plist */,
			);
			name = "Supporting Files";
			sourceTree = "<group>";
		};
		616FE5B71B33422D007770F9 /* tablasProfaRosaTests */ = {
			isa = PBXGroup;
			children = (
				616FE5BA1B33422D007770F9 /* tablasProfaRosaTests.swift */,
				616FE5B81B33422D007770F9 /* Supporting Files */,
			);
			path = tablasProfaRosaTests;
			sourceTree = "<group>";
		};
		616FE5B81B33422D007770F9 /* Supporting Files */ = {
			isa = PBXGroup;
			children = (
				616FE5B91B33422D007770F9 /* Info.plist */,
			);
			name = "Supporting Files";
			sourceTree = "<group>";
		};
/* End PBXGroup section */

/* Begin PBXNativeTarget section */
		616FE59E1B33422D007770F9 /* tablasProfaRosa */ = {
			isa = PBXNativeTarget;
			buildConfigurationList = 616FE5BE1B33422D007770F9 /* Build configuration list for PBXNativeTarget "tablasProfaRosa" */;
			buildPhases = (
				616FE59B1B33422D007770F9 /* Sources */,
				616FE59C1B33422D007770F9 /* Frameworks */,
				616FE59D1B33422D007770F9 /* Resources */,
			);
			buildRules = (
			);
			dependencies = (
			);
			name = tablasProfaRosa;
			productName = tablasProfaRosa;
			productReference = 616FE59F1B33422D007770F9 /* tablasProfaRosa.app */;
			productType = "com.apple.product-type.application";
		};
		616FE5B31B33422D007770F9 /* tablasProfaRosaTests */ = {
			isa = PBXNativeTarget;
			buildConfigurationList = 616FE5C11B33422D007770F9 /* Build configuration list for PBXNativeTarget "tablasProfaRosaTests" */;
			buildPhases = (
				616FE5B01B33422D007770F9 /* Sources */,
				616FE5B11B33422D007770F9 /* Frameworks */,
				616FE5B21B33422D007770F9 /* Resources */,
			);
			buildRules = (
			);
			dependencies = (
				616FE5B61B33422D007770F9 /* PBXTargetDependency */,
			);
			name = tablasProfaRosaTests;
			productName = tablasProfaRosaTests;
			productReference = 616FE5B41B33422D007770F9 /* tablasProfaRosaTests.xctest */;
			productType = "com.apple.product-type.bundle.unit-test";
		};
/* End PBXNativeTarget section */

/* Begin PBXProject section */
		616FE5971B33422D007770F9 /* Project object */ = {
			isa = PBXProject;
			attributes = {
				LastUpgradeCheck = 0630;
				ORGANIZATIONNAME = BUAP;
				TargetAttributes = {
					616FE59E1B33422D007770F9 = {
						CreatedOnToolsVersion = 6.3.2;
					};
					616FE5B31B33422D007770F9 = {
						CreatedOnToolsVersion = 6.3.2;
						TestTargetID = 616FE59E1B33422D007770F9;
					};
				};
			};
			buildConfigurationList = 616FE59A1B33422D007770F9 /* Build configuration list for PBXProject "tablasProfaRosa" */;
			compatibilityVersion = "Xcode 3.2";
			developmentRegion = English;
			hasScannedForEncodings = 0;
			knownRegions = (
				en,
				Base,
			);
			mainGroup = 616FE5961B33422D007770F9;
			productRefGroup = 616FE5A01B33422D007770F9 /* Products */;
			projectDirPath = "";
			projectRoot = "";
			targets = (
				616FE59E1B33422D007770F9 /* tablasProfaRosa */,
				616FE5B31B33422D007770F9 /* tablasProfaRosaTests */,
			);
		};
/* End PBXProject section */

/* Begin PBXResourcesBuildPhase section */
		616FE59D1B33422D007770F9 /* Resources */ = {
			isa = PBXResourcesBuildPhase;
			buildActionMask = 2147483647;
			files = (
				616FE5AA1B33422D007770F9 /* Main.storyboard in Resources */,
				616FE5AF1B33422D007770F9 /* LaunchScreen.xib in Resources */,
				616FE5AC1B33422D007770F9 /* Images.xcassets in Resources */,
				616FE5C91B33459C007770F9 /* TableData.plist in Resources */,
			);
			runOnlyForDeploymentPostprocessing = 0;
		};
		616FE5B21B33422D007770F9 /* Resources */ = {
			isa = PBXResourcesBuildPhase;
			buildActionMask = 2147483647;
			files = (
			);
			runOnlyForDeploymentPostprocessing = 0;
		};
/* End PBXResourcesBuildPhase section */

/* Begin PBXSourcesBuildPhase section */
		616FE59B1B33422D007770F9 /* Sources */ = {
			isa = PBXSourcesBuildPhase;
			buildActionMask = 2147483647;
			files = (
				616FE5A71B33422D007770F9 /* ViewController.swift in Sources */,
				616FE5C71B33445D007770F9 /* SecondTableViewController.swift in Sources */,
				616FE5A51B33422D007770F9 /* AppDelegate.swift in Sources */,
				616FE5CB1B33465F007770F9 /* TableViewController.swift in Sources */,
				616FE5C51B334444007770F9 /* FirstTableViewController.swift in Sources */,
			);
			runOnlyForDeploymentPostprocessing = 0;
		};
		616FE5B01B33422D007770F9 /* Sources */ = {
			isa = PBXSourcesBuildPhase;
			buildActionMask = 2147483647;
			files = (
				616FE5BB1B33422D007770F9 /* tablasProfaRosaTests.swift in Sources */,
			);
			runOnlyForDeploymentPostprocessing = 0;
		};
/* End PBXSourcesBuildPhase section */

/* Begin PBXTargetDependency section */
		616FE5B61B33422D007770F9 /* PBXTargetDependency */ = {
			isa = PBXTargetDependency;
			target = 616FE59E1B33422D007770F9 /* tablasProfaRosa */;
			targetProxy = 616FE5B51B33422D007770F9 /* PBXContainerItemProxy */;
		};
/* End PBXTargetDependency section */

/* Begin PBXVariantGroup section */
		616FE5A81B33422D007770F9 /* Main.storyboard */ = {
			isa = PBXVariantGroup;
			children = (
				616FE5A91B33422D007770F9 /* Base */,
			);
			name = Main.storyboard;
			sourceTree = "<group>";
		};
		616FE5AD1B33422D007770F9 /* LaunchScreen.xib */ = {
			isa = PBXVariantGroup;
			children = (
				616FE5AE1B33422D007770F9 /* Base */,
			);
			name = LaunchScreen.xib;
			sourceTree = "<group>";
		};
/* End PBXVariantGroup section */

/* Begin XCBuildConfiguration section */
		616FE5BC1B33422D007770F9 /* Debug */ = {
			isa = XCBuildConfiguration;
			buildSettings = {
				ALWAYS_SEARCH_USER_PATHS = NO;
				CLANG_CXX_LANGUAGE_STANDARD = "gnu++0x";
				CLANG_CXX_LIBRARY = "libc++";
				CLANG_ENABLE_MODULES = YES;
				CLANG_ENABLE_OBJC_ARC = YES;
				CLANG_WARN_BOOL_CONVERSION = YES;
				CLANG_WARN_CONSTANT_CONVERSION = YES;
				CLANG_WARN_DIRECT_OBJC_ISA_USAGE = YES_ERROR;
				CLANG_WARN_EMPTY_BODY = YES;
				CLANG_WARN_ENUM_CONVERSION = YES;
				CLANG_WARN_INT_CONVERSION = YES;
				CLANG_WARN_OBJC_ROOT_CLASS = YES_ERROR;
				CLANG_WARN_UNREACHABLE_CODE = YES;
				CLANG_WARN__DUPLICATE_METHOD_MATCH = YES;
				"CODE_SIGN_IDENTITY[sdk=iphoneos*]" = "iPhone Developer";
				COPY_PHASE_STRIP = NO;
				DEBUG_INFORMATION_FORMAT = "dwarf-with-dsym";
				ENABLE_STRICT_OBJC_MSGSEND = YES;
				GCC_C_LANGUAGE_STANDARD = gnu99;
				GCC_DYNAMIC_NO_PIC = NO;
				GCC_NO_COMMON_BLOCKS = YES;
				GCC_OPTIMIZATION_LEVEL = 0;
				GCC_PREPROCESSOR_DEFINITIONS = (
					"DEBUG=1",
					"$(inherited)",
				);
				GCC_SYMBOLS_PRIVATE_EXTERN = NO;
				GCC_WARN_64_TO_32_BIT_CONVERSION = YES;
				GCC_WARN_ABOUT_RETURN_TYPE = YES_ERROR;
				GCC_WARN_UNDECLARED_SELECTOR = YES;
				GCC_WARN_UNINITIALIZED_AUTOS = YES_AGGRESSIVE;
				GCC_WARN_UNUSED_FUNCTION = YES;
				GCC_WARN_UNUSED_VARIABLE = YES;
				IPHONEOS_DEPLOYMENT_TARGET = 8.3;
				MTL_ENABLE_DEBUG_INFO = YES;
				ONLY_ACTIVE_ARCH = YES;
				SDKROOT = iphoneos;
				SWIFT_OPTIMIZATION_LEVEL = "-Onone";
				TARGETED_DEVICE_FAMILY = "1,2";
			};
			name = Debug;
		};
		616FE5BD1B33422D007770F9 /* Release */ = {
			isa = XCBuildConfiguration;
			buildSettings = {
				ALWAYS_SEARCH_USER_PATHS = NO;
				CLANG_CXX_LANGUAGE_STANDARD = "gnu++0x";
				CLANG_CXX_LIBRARY = "libc++";
				CLANG_ENABLE_MODULES = YES;
				CLANG_ENABLE_OBJC_ARC = YES;
				CLANG_WARN_BOOL_CONVERSION = YES;
				CLANG_WARN_CONSTANT_CONVERSION = YES;
				CLANG_WARN_DIRECT_OBJC_ISA_USAGE = YES_ERROR;
				CLANG_WARN_EMPTY_BODY = YES;
				CLANG_WARN_ENUM_CONVERSION = YES;
				CLANG_WARN_INT_CONVERSION = YES;
				CLANG_WARN_OBJC_ROOT_CLASS = YES_ERROR;
				CLANG_WARN_UNREACHABLE_CODE = YES;
				CLANG_WARN__DUPLICATE_METHOD_MATCH = YES;
				"CODE_SIGN_IDENTITY[sdk=iphoneos*]" = "iPhone Developer";
				COPY_PHASE_STRIP = NO;
				DEBUG_INFORMATION_FORMAT = "dwarf-with-dsym";
				ENABLE_NS_ASSERTIONS = NO;
				ENABLE_STRICT_OBJC_MSGSEND = YES;
				GCC_C_LANGUAGE_STANDARD = gnu99;
				GCC_NO_COMMON_BLOCKS = YES;
				GCC_WARN_64_TO_32_BIT_CONVERSION = YES;
				GCC_WARN_ABOUT_RETURN_TYPE = YES_ERROR;
				GCC_WARN_UNDECLARED_SELECTOR = YES;
				GCC_WARN_UNINITIALIZED_AUTOS = YES_AGGRESSIVE;
				GCC_WARN_UNUSED_FUNCTION = YES;
				GCC_WARN_UNUSED_VARIABLE = YES;
				IPHONEOS_DEPLOYMENT_TARGET = 8.3;
				MTL_ENABLE_DEBUG_INFO = NO;
				SDKROOT = iphoneos;
				TARGETED_DEVICE_FAMILY = "1,2";
				VALIDATE_PRODUCT = YES;
			};
			name = Release;
		};
		616FE5BF1B33422D007770F9 /* Debug */ = {
			isa = XCBuildConfiguration;
			buildSettings = {
				ASSETCATALOG_COMPILER_APPICON_NAME = AppIcon;
				INFOPLIST_FILE = tablasProfaRosa/Info.plist;
				LD_RUNPATH_SEARCH_PATHS = "$(inherited) @executable_path/Frameworks";
				PRODUCT_NAME = "$(TARGET_NAME)";
			};
			name = Debug;
		};
		616FE5C01B33422D007770F9 /* Release */ = {
			isa = XCBuildConfiguration;
			buildSettings = {
				ASSETCATALOG_COMPILER_APPICON_NAME = AppIcon;
				INFOPLIST_FILE = tablasProfaRosa/Info.plist;
				LD_RUNPATH_SEARCH_PATHS = "$(inherited) @executable_path/Frameworks";
				PRODUCT_NAME = "$(TARGET_NAME)";
			};
			name = Release;
		};
		616FE5C21B33422D007770F9 /* Debug */ = {
			isa = XCBuildConfiguration;
			buildSettings = {
				BUNDLE_LOADER = "$(TEST_HOST)";
				FRAMEWORK_SEARCH_PATHS = (
					"$(SDKROOT)/Developer/Library/Frameworks",
					"$(inherited)",
				);
				GCC_PREPROCESSOR_DEFINITIONS = (
					"DEBUG=1",
					"$(inherited)",
				);
				INFOPLIST_FILE = tablasProfaRosaTests/Info.plist;
				LD_RUNPATH_SEARCH_PATHS = "$(inherited) @executable_path/Frameworks @loader_path/Frameworks";
				PRODUCT_NAME = "$(TARGET_NAME)";
				TEST_HOST = "$(BUILT_PRODUCTS_DIR)/tablasProfaRosa.app/tablasProfaRosa";
			};
			name = Debug;
		};
		616FE5C31B33422D007770F9 /* Release */ = {
			isa = XCBuildConfiguration;
			buildSettings = {
				BUNDLE_LOADER = "$(TEST_HOST)";
				FRAMEWORK_SEARCH_PATHS = (
					"$(SDKROOT)/Developer/Library/Frameworks",
					"$(inherited)",
				);
				INFOPLIST_FILE = tablasProfaRosaTests/Info.plist;
				LD_RUNPATH_SEARCH_PATHS = "$(inherited) @executable_path/Frameworks @loader_path/Frameworks";
				PRODUCT_NAME = "$(TARGET_NAME)";
				TEST_HOST = "$(BUILT_PRODUCTS_DIR)/tablasProfaRosa.app/tablasProfaRosa";
			};
			name = Release;
		};
/* End XCBuildConfiguration section */

/* Begin XCConfigurationList section */
		616FE59A1B33422D007770F9 /* Build configuration list for PBXProject "tablasProfaRosa" */ = {
			isa = XCConfigurationList;
			buildConfigurations = (
				616FE5BC1B33422D007770F9 /* Debug */,
				616FE5BD1B33422D007770F9 /* Release */,
			);
			defaultConfigurationIsVisible = 0;
			defaultConfigurationName = Release;
		};
		616FE5BE1B33422D007770F9 /* Build configuration list for PBXNativeTarget "tablasProfaRosa" */ = {
			isa = XCConfigurationList;
			buildConfigurations = (
				616FE5BF1B33422D007770F9 /* Debug */,
				616FE5C01B33422D007770F9 /* Release */,
			);
			defaultConfigurationIsVisible = 0;
		};
		616FE5C11B33422D007770F9 /* Build configuration list for PBXNativeTarget "tablasProfaRosaTests" */ = {
			isa = XCConfigurationList;
			buildConfigurations = (
				616FE5C21B33422D007770F9 /* Debug */,
				616FE5C31B33422D007770F9 /* Release */,
			);
			defaultConfigurationIsVisible = 0;
		};
/* End XCConfigurationList section */
	};
	rootObject = 616FE5971B33422D007770F9 /* Project object */;
}
